
Microsoft Visual Studio Solution File, Format Version 12.00
# Visual Studio Version 16
VisualStudioVersion = 16.0.31424.327
MinimumVisualStudioVersion = 10.0.40219.1
Project("{FAE04EC0-301F-11D3-BF4B-00C04F79EFBC}") = "CoffeeShop", "CoffeeShop\CoffeeShop.csproj", "{CC69043E-D663-4D3D-B4B2-8DDB11F1EF4E}"
EndProject
Global
	GlobalSection(SolutionConfigurationPlatforms) = preSolution
		Debug|Any CPU = Debug|Any CPU
		Release|Any CPU = Release|Any CPU
	EndGlobalSection
	GlobalSection(ProjectConfigurationPlatforms) = postSolution
		{CC69043E-D663-4D3D-B4B2-8DDB11F1EF4E}.Debug|Any CPU.ActiveCfg = Debug|Any CPU
		{CC69043E-D663-4D3D-B4B2-8DDB11F1EF4E}.Debug|Any CPU.Build.0 = Debug|Any CPU
		{CC69043E-D663-4D3D-B4B2-8DDB11F1EF4E}.Release|Any CPU.ActiveCfg = Release|Any CPU
		{CC69043E-D663-4D3D-B4B2-8DDB11F1EF4E}.Release|Any CPU.Build.0 = Release|Any CPU
	EndGlobalSection
	GlobalSection(SolutionProperties) = preSolution
		HideSolutionNode = FALSE
	EndGlobalSection
	GlobalSection(ExtensibilityGlobals) = postSolution
		SolutionGuid = {8C22965D-5581-4599-BC21-4AFC758B8669}
	EndGlobalSection
EndGlobal
